
Microsoft Visual Studio Solution File, Format Version 12.00
# Visual Studio Version 16
VisualStudioVersion = 16.0.29519.87
MinimumVisualStudioVersion = 10.0.40219.1
Project("{FAE04EC0-301F-11D3-BF4B-00C04F79EFBC}") = "Identity", "Identity\Identity.csproj", "{2B0A6049-57B9-4001-985D-63891DBE0F5C}"
EndProject
Global
	GlobalSection(SolutionConfigurationPlatforms) = preSolution
		Debug|Any CPU = Debug|Any CPU
		Release|Any CPU = Release|Any CPU
	EndGlobalSection
	GlobalSection(ProjectConfigurationPlatforms) = postSolution
		{2B0A6049-57B9-4001-985D-63891DBE0F5C}.Debug|Any CPU.ActiveCfg = Debug|Any CPU
		{2B0A6049-57B9-4001-985D-63891DBE0F5C}.Debug|Any CPU.Build.0 = Debug|Any CPU
		{2B0A6049-57B9-4001-985D-63891DBE0F5C}.Release|Any CPU.ActiveCfg = Release|Any CPU
		{2B0A6049-57B9-4001-985D-63891DBE0F5C}.Release|Any CPU.Build.0 = Release|Any CPU
	EndGlobalSection
	GlobalSection(SolutionProperties) = preSolution
		HideSolutionNode = FALSE
	EndGlobalSection
	GlobalSection(ExtensibilityGlobals) = postSolution
		SolutionGuid = {3FF358BC-8F66-4C4E-81B3-39BDE5E067EC}
	EndGlobalSection
EndGlobal
